// !$*UTF8*$!
{
	archiveVersion = 1;
	classes = {
	};
	objectVersion = 77;
	objects = {

/* Begin PBXBuildFile section */
		AA1136712E34BA4900DF8A5E /* StoreKit.framework in Frameworks */ = {isa = PBXBuildFile; fileRef = AA1136702E34BA4900DF8A5E /* StoreKit.framework */; };
/* End PBXBuildFile section */

/* Begin PBXContainerItemProxy section */
		AA88EDBC2DBDCCF4004EF6A4 /* PBXContainerItemProxy */ = {
			isa = PBXContainerItemProxy;
			containerPortal = AA88EDA12DBDCCF3004EF6A4 /* Project object */;
			proxyType = 1;
			remoteGlobalIDString = AA88EDA82DBDCCF3004EF6A4;
			remoteInfo = SleepSolver;
		};
		AA88EDC62DBDCCF4004EF6A4 /* PBXContainerItemProxy */ = {
			isa = PBXContainerItemProxy;
			containerPortal = AA88EDA12DBDCCF3004EF6A4 /* Project object */;
			proxyType = 1;
			remoteGlobalIDString = AA88EDA82DBDCCF3004EF6A4;
			remoteInfo = SleepSolver;
		};
/* End PBXContainerItemProxy section */

/* Begin PBXFileReference section */
		AA1136702E34BA4900DF8A5E /* StoreKit.framework */ = {isa = PBXFileReference; lastKnownFileType = wrapper.framework; name = StoreKit.framework; path = System/Library/Frameworks/StoreKit.framework; sourceTree = SDKROOT; };
		AA88EDA92DBDCCF3004EF6A4 /* SleepSolver.app */ = {isa = PBXFileReference; explicitFileType = wrapper.application; includeInIndex = 0; path = SleepSolver.app; sourceTree = BUILT_PRODUCTS_DIR; };
		AA88EDBB2DBDCCF4004EF6A4 /* SleepSolverTests.xctest */ = {isa = PBXFileReference; explicitFileType = wrapper.cfbundle; includeInIndex = 0; path = SleepSolverTests.xctest; sourceTree = BUILT_PRODUCTS_DIR; };
		AA88EDC52DBDCCF4004EF6A4 /* SleepSolverUITests.xctest */ = {isa = PBXFileReference; explicitFileType = wrapper.cfbundle; includeInIndex = 0; path = SleepSolverUITests.xctest; sourceTree = BUILT_PRODUCTS_DIR; };
/* End PBXFileReference section */

/* Begin PBXFileSystemSynchronizedRootGroup section */
		AA88EDAB2DBDCCF3004EF6A4 /* SleepSolver */ = {
			isa = PBXFileSystemSynchronizedRootGroup;
			path = SleepSolver;
			sourceTree = "<group>";
		};
		AA88EDBE2DBDCCF4004EF6A4 /* SleepSolverTests */ = {
			isa = PBXFileSystemSynchronizedRootGroup;
			path = SleepSolverTests;
			sourceTree = "<group>";
		};
		AA88EDC82DBDCCF4004EF6A4 /* SleepSolverUITests */ = {
			isa = PBXFileSystemSynchronizedRootGroup;
			path = SleepSolverUITests;
			sourceTree = "<group>";
		};
/* End PBXFileSystemSynchronizedRootGroup section */

/* Begin PBXFrameworksBuildPhase section */
		AA88EDA62DBDCCF3004EF6A4 /* Frameworks */ = {
			isa = PBXFrameworksBuildPhase;
			buildActionMask = 2147483647;
			files = (
				AA1136712E34BA4900DF8A5E /* StoreKit.framework in Frameworks */,
			);
			runOnlyForDeploymentPostprocessing = 0;
		};
		AA88EDB82DBDCCF4004EF6A4 /* Frameworks */ = {
			isa = PBXFrameworksBuildPhase;
			buildActionMask = 2147483647;
			files = (
			);
			runOnlyForDeploymentPostprocessing = 0;
		};
		AA88EDC22DBDCCF4004EF6A4 /* Frameworks */ = {
			isa = PBXFrameworksBuildPhase;
			buildActionMask = 2147483647;
			files = (
			);
			runOnlyForDeploymentPostprocessing = 0;
		};
/* End PBXFrameworksBuildPhase section */

/* Begin PBXGroup section */
		AA11366F2E34BA4900DF8A5E /* Frameworks */ = {
			isa = PBXGroup;
			children = (
				AA1136702E34BA4900DF8A5E /* StoreKit.framework */,
			);
			name = Frameworks;
			sourceTree = "<group>";
		};
		AA88EDA02DBDCCF3004EF6A4 = {
			isa = PBXGroup;
			children = (
				AA88EDAB2DBDCCF3004EF6A4 /* SleepSolver */,
				AA88EDBE2DBDCCF4004EF6A4 /* SleepSolverTests */,
				AA88EDC82DBDCCF4004EF6A4 /* SleepSolverUITests */,
				AA11366F2E34BA4900DF8A5E /* Frameworks */,
				AA88EDAA2DBDCCF3004EF6A4 /* Products */,
			);
			sourceTree = "<group>";
		};
		AA88EDAA2DBDCCF3004EF6A4 /* Products */ = {
			isa = PBXGroup;
			children = (
				AA88EDA92DBDCCF3004EF6A4 /* SleepSolver.app */,
				AA88EDBB2DBDCCF4004EF6A4 /* SleepSolverTests.xctest */,
				AA88EDC52DBDCCF4004EF6A4 /* SleepSolverUITests.xctest */,
			);
			name = Products;
			sourceTree = "<group>";
		};
/* End PBXGroup section */

/* Begin PBXNativeTarget section */
		AA88EDA82DBDCCF3004EF6A4 /* SleepSolver */ = {
			isa = PBXNativeTarget;
			buildConfigurationList = AA88EDCF2DBDCCF4004EF6A4 /* Build configuration list for PBXNativeTarget "SleepSolver" */;
			buildPhases = (
				AA88EDA52DBDCCF3004EF6A4 /* Sources */,
				AA88EDA62DBDCCF3004EF6A4 /* Frameworks */,
				AA88EDA72DBDCCF3004EF6A4 /* Resources */,
			);
			buildRules = (
			);
			dependencies = (
			);
			fileSystemSynchronizedGroups = (
				AA88EDAB2DBDCCF3004EF6A4 /* SleepSolver */,
			);
			name = SleepSolver;
			packageProductDependencies = (
			);
			productName = SleepSolver;
			productReference = AA88EDA92DBDCCF3004EF6A4 /* SleepSolver.app */;
			productType = "com.apple.product-type.application";
		};
		AA88EDBA2DBDCCF4004EF6A4 /* SleepSolverTests */ = {
			isa = PBXNativeTarget;
			buildConfigurationList = AA88EDD22DBDCCF4004EF6A4 /* Build configuration list for PBXNativeTarget "SleepSolverTests" */;
			buildPhases = (
				AA88EDB72DBDCCF4004EF6A4 /* Sources */,
				AA88EDB82DBDCCF4004EF6A4 /* Frameworks */,
				AA88EDB92DBDCCF4004EF6A4 /* Resources */,
			);
			buildRules = (
			);
			dependencies = (
				AA88EDBD2DBDCCF4004EF6A4 /* PBXTargetDependency */,
			);
			fileSystemSynchronizedGroups = (
				AA88EDBE2DBDCCF4004EF6A4 /* SleepSolverTests */,
			);
			name = SleepSolverTests;
			packageProductDependencies = (
			);
			productName = SleepSolverTests;
			productReference = AA88EDBB2DBDCCF4004EF6A4 /* SleepSolverTests.xctest */;
			productType = "com.apple.product-type.bundle.unit-test";
		};
		AA88EDC42DBDCCF4004EF6A4 /* SleepSolverUITests */ = {
			isa = PBXNativeTarget;
			buildConfigurationList = AA88EDD52DBDCCF4004EF6A4 /* Build configuration list for PBXNativeTarget "SleepSolverUITests" */;
			buildPhases = (
				AA88EDC12DBDCCF4004EF6A4 /* Sources */,
				AA88EDC22DBDCCF4004EF6A4 /* Frameworks */,
				AA88EDC32DBDCCF4004EF6A4 /* Resources */,
			);
			buildRules = (
			);
			dependencies = (
				AA88EDC72DBDCCF4004EF6A4 /* PBXTargetDependency */,
			);
			fileSystemSynchronizedGroups = (
				AA88EDC82DBDCCF4004EF6A4 /* SleepSolverUITests */,
			);
			name = SleepSolverUITests;
			packageProductDependencies = (
			);
			productName = SleepSolverUITests;
			productReference = AA88EDC52DBDCCF4004EF6A4 /* SleepSolverUITests.xctest */;
			productType = "com.apple.product-type.bundle.ui-testing";
		};
/* End PBXNativeTarget section */

/* Begin PBXProject section */
		AA88EDA12DBDCCF3004EF6A4 /* Project object */ = {
			isa = PBXProject;
			attributes = {
				BuildIndependentTargetsInParallel = 1;
				LastSwiftUpdateCheck = 1630;
				LastUpgradeCheck = 1630;
				TargetAttributes = {
					AA88EDA82DBDCCF3004EF6A4 = {
						CreatedOnToolsVersion = 16.3;
					};
					AA88EDBA2DBDCCF4004EF6A4 = {
						CreatedOnToolsVersion = 16.3;
						TestTargetID = AA88EDA82DBDCCF3004EF6A4;
					};
					AA88EDC42DBDCCF4004EF6A4 = {
						CreatedOnToolsVersion = 16.3;
						TestTargetID = AA88EDA82DBDCCF3004EF6A4;
					};
				};
			};
			buildConfigurationList = AA88EDA42DBDCCF3004EF6A4 /* Build configuration list for PBXProject "SleepSolver" */;
			developmentRegion = en;
			hasScannedForEncodings = 0;
			knownRegions = (
				en,
				Base,
			);
			mainGroup = AA88EDA02DBDCCF3004EF6A4;
			minimizedProjectReferenceProxies = 1;
			preferredProjectObjectVersion = 77;
			productRefGroup = AA88EDAA2DBDCCF3004EF6A4 /* Products */;
			projectDirPath = "";
			projectRoot = "";
			targets = (
				AA88EDA82DBDCCF3004EF6A4 /* SleepSolver */,
				AA88EDBA2DBDCCF4004EF6A4 /* SleepSolverTests */,
				AA88EDC42DBDCCF4004EF6A4 /* SleepSolverUITests */,
			);
		};
/* End PBXProject section */

/* Begin PBXResourcesBuildPhase section */
		AA88EDA72DBDCCF3004EF6A4 /* Resources */ = {
			isa = PBXResourcesBuildPhase;
			buildActionMask = 2147483647;
			files = (
			);
			runOnlyForDeploymentPostprocessing = 0;
		};
		AA88EDB92DBDCCF4004EF6A4 /* Resources */ = {
			isa = PBXResourcesBuildPhase;
			buildActionMask = 2147483647;
			files = (
			);
			runOnlyForDeploymentPostprocessing = 0;
		};
		AA88EDC32DBDCCF4004EF6A4 /* Resources */ = {
			isa = PBXResourcesBuildPhase;
			buildActionMask = 2147483647;
			files = (
			);
			runOnlyForDeploymentPostprocessing = 0;
		};
/* End PBXResourcesBuildPhase section */

/* Begin PBXSourcesBuildPhase section */
		AA88EDA52DBDCCF3004EF6A4 /* Sources */ = {
			isa = PBXSourcesBuildPhase;
			buildActionMask = 2147483647;
			files = (
			);
			runOnlyForDeploymentPostprocessing = 0;
		};
		AA88EDB72DBDCCF4004EF6A4 /* Sources */ = {
			isa = PBXSourcesBuildPhase;
			buildActionMask = 2147483647;
			files = (
			);
			runOnlyForDeploymentPostprocessing = 0;
		};
		AA88EDC12DBDCCF4004EF6A4 /* Sources */ = {
			isa = PBXSourcesBuildPhase;
			buildActionMask = 2147483647;
			files = (
			);
			runOnlyForDeploymentPostprocessing = 0;
		};
/* End PBXSourcesBuildPhase section */

/* Begin PBXTargetDependency section */
		AA88EDBD2DBDCCF4004EF6A4 /* PBXTargetDependency */ = {
			isa = PBXTargetDependency;
			target = AA88EDA82DBDCCF3004EF6A4 /* SleepSolver */;
			targetProxy = AA88EDBC2DBDCCF4004EF6A4 /* PBXContainerItemProxy */;
		};
		AA88EDC72DBDCCF4004EF6A4 /* PBXTargetDependency */ = {
			isa = PBXTargetDependency;
			target = AA88EDA82DBDCCF3004EF6A4 /* SleepSolver */;
			targetProxy = AA88EDC62DBDCCF4004EF6A4 /* PBXContainerItemProxy */;
		};
/* End PBXTargetDependency section */

/* Begin XCBuildConfiguration section */
		AA88EDCD2DBDCCF4004EF6A4 /* Debug */ = {
			isa = XCBuildConfiguration;
			buildSettings = {
				ALWAYS_SEARCH_USER_PATHS = NO;
				ASSETCATALOG_COMPILER_GENERATE_SWIFT_ASSET_SYMBOL_EXTENSIONS = YES;
				CLANG_ANALYZER_NONNULL = YES;
				CLANG_ANALYZER_NUMBER_OBJECT_CONVERSION = YES_AGGRESSIVE;
				CLANG_CXX_LANGUAGE_STANDARD = "gnu++20";
				CLANG_ENABLE_MODULES = YES;
				CLANG_ENABLE_OBJC_ARC = YES;
				CLANG_ENABLE_OBJC_WEAK = YES;
				CLANG_WARN_BLOCK_CAPTURE_AUTORELEASING = YES;
				CLANG_WARN_BOOL_CONVERSION = YES;
				CLANG_WARN_COMMA = YES;
				CLANG_WARN_CONSTANT_CONVERSION = YES;
				CLANG_WARN_DEPRECATED_OBJC_IMPLEMENTATIONS = YES;
				CLANG_WARN_DIRECT_OBJC_ISA_USAGE = YES_ERROR;
				CLANG_WARN_DOCUMENTATION_COMMENTS = YES;
				CLANG_WARN_EMPTY_BODY = YES;
				CLANG_WARN_ENUM_CONVERSION = YES;
				CLANG_WARN_INFINITE_RECURSION = YES;
				CLANG_WARN_INT_CONVERSION = YES;
				CLANG_WARN_NON_LITERAL_NULL_CONVERSION = YES;
				CLANG_WARN_OBJC_IMPLICIT_RETAIN_SELF = YES;
				CLANG_WARN_OBJC_LITERAL_CONVERSION = YES;
				CLANG_WARN_OBJC_ROOT_CLASS = YES_ERROR;
				CLANG_WARN_QUOTED_INCLUDE_IN_FRAMEWORK_HEADER = YES;
				CLANG_WARN_RANGE_LOOP_ANALYSIS = YES;
				CLANG_WARN_STRICT_PROTOTYPES = YES;
				CLANG_WARN_SUSPICIOUS_MOVE = YES;
				CLANG_WARN_UNGUARDED_AVAILABILITY = YES_AGGRESSIVE;
				CLANG_WARN_UNREACHABLE_CODE = YES;
				CLANG_WARN__DUPLICATE_METHOD_MATCH = YES;
				COPY_PHASE_STRIP = NO;
				DEBUG_INFORMATION_FORMAT = dwarf;
				DEVELOPMENT_TEAM = M3QR4M2L97;
				ENABLE_STRICT_OBJC_MSGSEND = YES;
				ENABLE_TESTABILITY = YES;
				ENABLE_USER_SCRIPT_SANDBOXING = YES;
				GCC_C_LANGUAGE_STANDARD = gnu17;
				GCC_DYNAMIC_NO_PIC = NO;
				GCC_NO_COMMON_BLOCKS = YES;
				GCC_OPTIMIZATION_LEVEL = 0;
				GCC_PREPROCESSOR_DEFINITIONS = (
					"DEBUG=1",
					"$(inherited)",
				);
				GCC_WARN_64_TO_32_BIT_CONVERSION = YES;
				GCC_WARN_ABOUT_RETURN_TYPE = YES_ERROR;
				GCC_WARN_UNDECLARED_SELECTOR = YES;
				GCC_WARN_UNINITIALIZED_AUTOS = YES_AGGRESSIVE;
				GCC_WARN_UNUSED_FUNCTION = YES;
				GCC_WARN_UNUSED_VARIABLE = YES;
				IPHONEOS_DEPLOYMENT_TARGET = 18.4;
				LOCALIZATION_PREFERS_STRING_CATALOGS = YES;
				MTL_ENABLE_DEBUG_INFO = INCLUDE_SOURCE;
				MTL_FAST_MATH = YES;
				ONLY_ACTIVE_ARCH = YES;
				SDKROOT = iphoneos;
				SWIFT_ACTIVE_COMPILATION_CONDITIONS = "DEBUG $(inherited)";
				SWIFT_OPTIMIZATION_LEVEL = "-Onone";
			};
			name = Debug;
		};
		AA88EDCE2DBDCCF4004EF6A4 /* Release */ = {
			isa = XCBuildConfiguration;
			buildSettings = {
				ALWAYS_SEARCH_USER_PATHS = NO;
				ASSETCATALOG_COMPILER_GENERATE_SWIFT_ASSET_SYMBOL_EXTENSIONS = YES;
				CLANG_ANALYZER_NONNULL = YES;
				CLANG_ANALYZER_NUMBER_OBJECT_CONVERSION = YES_AGGRESSIVE;
				CLANG_CXX_LANGUAGE_STANDARD = "gnu++20";
				CLANG_ENABLE_MODULES = YES;
				CLANG_ENABLE_OBJC_ARC = YES;
				CLANG_ENABLE_OBJC_WEAK = YES;
				CLANG_WARN_BLOCK_CAPTURE_AUTORELEASING = YES;
				CLANG_WARN_BOOL_CONVERSION = YES;
				CLANG_WARN_COMMA = YES;
				CLANG_WARN_CONSTANT_CONVERSION = YES;
				CLANG_WARN_DEPRECATED_OBJC_IMPLEMENTATIONS = YES;
				CLANG_WARN_DIRECT_OBJC_ISA_USAGE = YES_ERROR;
				CLANG_WARN_DOCUMENTATION_COMMENTS = YES;
				CLANG_WARN_EMPTY_BODY = YES;
				CLANG_WARN_ENUM_CONVERSION = YES;
				CLANG_WARN_INFINITE_RECURSION = YES;
				CLANG_WARN_INT_CONVERSION = YES;
				CLANG_WARN_NON_LITERAL_NULL_CONVERSION = YES;
				CLANG_WARN_OBJC_IMPLICIT_RETAIN_SELF = YES;
				CLANG_WARN_OBJC_LITERAL_CONVERSION = YES;
				CLANG_WARN_OBJC_ROOT_CLASS = YES_ERROR;
				CLANG_WARN_QUOTED_INCLUDE_IN_FRAMEWORK_HEADER = YES;
				CLANG_WARN_RANGE_LOOP_ANALYSIS = YES;
				CLANG_WARN_STRICT_PROTOTYPES = YES;
				CLANG_WARN_SUSPICIOUS_MOVE = YES;
				CLANG_WARN_UNGUARDED_AVAILABILITY = YES_AGGRESSIVE;
				CLANG_WARN_UNREACHABLE_CODE = YES;
				CLANG_WARN__DUPLICATE_METHOD_MATCH = YES;
				COPY_PHASE_STRIP = NO;
				DEBUG_INFORMATION_FORMAT = "dwarf-with-dsym";
				DEVELOPMENT_TEAM = M3QR4M2L97;
				ENABLE_NS_ASSERTIONS = NO;
				ENABLE_STRICT_OBJC_MSGSEND = YES;
				ENABLE_USER_SCRIPT_SANDBOXING = YES;
				GCC_C_LANGUAGE_STANDARD = gnu17;
				GCC_NO_COMMON_BLOCKS = YES;
				GCC_WARN_64_TO_32_BIT_CONVERSION = YES;
				GCC_WARN_ABOUT_RETURN_TYPE = YES_ERROR;
				GCC_WARN_UNDECLARED_SELECTOR = YES;
				GCC_WARN_UNINITIALIZED_AUTOS = YES_AGGRESSIVE;
				GCC_WARN_UNUSED_FUNCTION = YES;
				GCC_WARN_UNUSED_VARIABLE = YES;
				IPHONEOS_DEPLOYMENT_TARGET = 18.4;
				LOCALIZATION_PREFERS_STRING_CATALOGS = YES;
				MTL_ENABLE_DEBUG_INFO = NO;
				MTL_FAST_MATH = YES;
				SDKROOT = iphoneos;
				SWIFT_COMPILATION_MODE = wholemodule;
				VALIDATE_PRODUCT = YES;
			};
			name = Release;
		};
		AA88EDD02DBDCCF4004EF6A4 /* Debug */ = {
			isa = XCBuildConfiguration;
			buildSettings = {
				ASSETCATALOG_COMPILER_APPICON_NAME = AppIcon;
				ASSETCATALOG_COMPILER_GLOBAL_ACCENT_COLOR_NAME = AccentColor;
				CODE_SIGN_ENTITLEMENTS = SleepSolver/SleepSolver.entitlements;
				CODE_SIGN_STYLE = Automatic;
				CURRENT_PROJECT_VERSION = 1;
				DEVELOPMENT_TEAM = M3QR4M2L97;
				ENABLE_PREVIEWS = YES;
				GENERATE_INFOPLIST_FILE = YES;
				INFOPLIST_KEY_NSHealthShareUsageDescription = "Sleep Solver needs HealthKit to track your sleep and health data";
				INFOPLIST_KEY_NSHealthUpdateUsageDescription = "Sleep Solver uses HealthKit to store sleep-related data";
				INFOPLIST_KEY_UIApplicationSceneManifest_Generation = YES;
				INFOPLIST_KEY_UIApplicationSupportsIndirectInputEvents = YES;
				INFOPLIST_KEY_UILaunchScreen_Generation = YES;
				INFOPLIST_KEY_UISupportedInterfaceOrientations_iPad = "UIInterfaceOrientationPortrait UIInterfaceOrientationPortraitUpsideDown UIInterfaceOrientationLandscapeLeft UIInterfaceOrientationLandscapeRight";
				INFOPLIST_KEY_UISupportedInterfaceOrientations_iPhone = "UIInterfaceOrientationPortrait UIInterfaceOrientationLandscapeLeft UIInterfaceOrientationLandscapeRight";
				LD_RUNPATH_SEARCH_PATHS = (
					"$(inherited)",
					"@executable_path/Frameworks",
				);
				MARKETING_VERSION = 1.1.0;
				PRODUCT_BUNDLE_IDENTIFIER = name.cadechristensen.SleepSolver;
				PRODUCT_NAME = "$(TARGET_NAME)";
				SUPPORTED_PLATFORMS = "iphoneos iphonesimulator";
				SUPPORTS_MACCATALYST = NO;
				SUPPORTS_MAC_DESIGNED_FOR_IPHONE_IPAD = NO;
				SUPPORTS_XR_DESIGNED_FOR_IPHONE_IPAD = NO;
				SWIFT_EMIT_LOC_STRINGS = YES;
				SWIFT_VERSION = 5.0;
				TARGETED_DEVICE_FAMILY = 1;
			};
			name = Debug;
		};
		AA88EDD12DBDCCF4004EF6A4 /* Release */ = {
			isa = XCBuildConfiguration;
			buildSettings = {
				ASSETCATALOG_COMPILER_APPICON_NAME = AppIcon;
				ASSETCATALOG_COMPILER_GLOBAL_ACCENT_COLOR_NAME = AccentColor;
				CODE_SIGN_ENTITLEMENTS = SleepSolver/SleepSolver.entitlements;
				CODE_SIGN_STYLE = Automatic;
				CURRENT_PROJECT_VERSION = 1;
				DEVELOPMENT_TEAM = M3QR4M2L97;
				ENABLE_PREVIEWS = YES;
				GENERATE_INFOPLIST_FILE = YES;
				INFOPLIST_KEY_NSHealthShareUsageDescription = "Sleep Solver needs HealthKit to track your sleep and health data";
				INFOPLIST_KEY_NSHealthUpdateUsageDescription = "Sleep Solver uses HealthKit to store sleep-related data";
				INFOPLIST_KEY_UIApplicationSceneManifest_Generation = YES;
				INFOPLIST_KEY_UIApplicationSupportsIndirectInputEvents = YES;
				INFOPLIST_KEY_UILaunchScreen_Generation = YES;
				INFOPLIST_KEY_UISupportedInterfaceOrientations_iPad = "UIInterfaceOrientationPortrait UIInterfaceOrientationPortraitUpsideDown UIInterfaceOrientationLandscapeLeft UIInterfaceOrientationLandscapeRight";
				INFOPLIST_KEY_UISupportedInterfaceOrientations_iPhone = "UIInterfaceOrientationPortrait UIInterfaceOrientationLandscapeLeft UIInterfaceOrientationLandscapeRight";
				LD_RUNPATH_SEARCH_PATHS = (
					"$(inherited)",
					"@executable_path/Frameworks",
				);
				MARKETING_VERSION = 1.1.0;
				PRODUCT_BUNDLE_IDENTIFIER = name.cadechristensen.SleepSolver;
				PRODUCT_NAME = "$(TARGET_NAME)";
				SUPPORTED_PLATFORMS = "iphoneos iphonesimulator";
				SUPPORTS_MACCATALYST = NO;
				SUPPORTS_MAC_DESIGNED_FOR_IPHONE_IPAD = NO;
				SUPPORTS_XR_DESIGNED_FOR_IPHONE_IPAD = NO;
				SWIFT_EMIT_LOC_STRINGS = YES;
				SWIFT_VERSION = 5.0;
				TARGETED_DEVICE_FAMILY = 1;
			};
			name = Release;
		};
		AA88EDD32DBDCCF4004EF6A4 /* Debug */ = {
			isa = XCBuildConfiguration;
			buildSettings = {
				BUNDLE_LOADER = "$(TEST_HOST)";
				CODE_SIGN_STYLE = Automatic;
				CURRENT_PROJECT_VERSION = 1;
				DEVELOPMENT_TEAM = M3QR4M2L97;
				GENERATE_INFOPLIST_FILE = YES;
				IPHONEOS_DEPLOYMENT_TARGET = 18.4;
				MARKETING_VERSION = 1.0;
				PRODUCT_BUNDLE_IDENTIFIER = name.cadechristensen.SleepSolverTests;
				PRODUCT_NAME = "$(TARGET_NAME)";
				SWIFT_EMIT_LOC_STRINGS = NO;
				SWIFT_VERSION = 5.0;
				TARGETED_DEVICE_FAMILY = "1,2";
				TEST_HOST = "$(BUILT_PRODUCTS_DIR)/SleepSolver.app/$(BUNDLE_EXECUTABLE_FOLDER_PATH)/SleepSolver";
			};
			name = Debug;
		};
		AA88EDD42DBDCCF4004EF6A4 /* Release */ = {
			isa = XCBuildConfiguration;
			buildSettings = {
				BUNDLE_LOADER = "$(TEST_HOST)";
				CODE_SIGN_STYLE = Automatic;
				CURRENT_PROJECT_VERSION = 1;
				DEVELOPMENT_TEAM = M3QR4M2L97;
				GENERATE_INFOPLIST_FILE = YES;
				IPHONEOS_DEPLOYMENT_TARGET = 18.4;
				MARKETING_VERSION = 1.0;
				PRODUCT_BUNDLE_IDENTIFIER = name.cadechristensen.SleepSolverTests;
				PRODUCT_NAME = "$(TARGET_NAME)";
				SWIFT_EMIT_LOC_STRINGS = NO;
				SWIFT_VERSION = 5.0;
				TARGETED_DEVICE_FAMILY = "1,2";
				TEST_HOST = "$(BUILT_PRODUCTS_DIR)/SleepSolver.app/$(BUNDLE_EXECUTABLE_FOLDER_PATH)/SleepSolver";
			};
			name = Release;
		};
		AA88EDD62DBDCCF4004EF6A4 /* Debug */ = {
			isa = XCBuildConfiguration;
			buildSettings = {
				CODE_SIGN_STYLE = Automatic;
				CURRENT_PROJECT_VERSION = 1;
				DEVELOPMENT_TEAM = M3QR4M2L97;
				GENERATE_INFOPLIST_FILE = YES;
				MARKETING_VERSION = 1.0;
				PRODUCT_BUNDLE_IDENTIFIER = name.cadechristensen.SleepSolverUITests;
				PRODUCT_NAME = "$(TARGET_NAME)";
				SWIFT_EMIT_LOC_STRINGS = NO;
				SWIFT_VERSION = 5.0;
				TARGETED_DEVICE_FAMILY = "1,2";
				TEST_TARGET_NAME = SleepSolver;
			};
			name = Debug;
		};
		AA88EDD72DBDCCF4004EF6A4 /* Release */ = {
			isa = XCBuildConfiguration;
			buildSettings = {
				CODE_SIGN_STYLE = Automatic;
				CURRENT_PROJECT_VERSION = 1;
				DEVELOPMENT_TEAM = M3QR4M2L97;
				GENERATE_INFOPLIST_FILE = YES;
				MARKETING_VERSION = 1.0;
				PRODUCT_BUNDLE_IDENTIFIER = name.cadechristensen.SleepSolverUITests;
				PRODUCT_NAME = "$(TARGET_NAME)";
				SWIFT_EMIT_LOC_STRINGS = NO;
				SWIFT_VERSION = 5.0;
				TARGETED_DEVICE_FAMILY = "1,2";
				TEST_TARGET_NAME = SleepSolver;
			};
			name = Release;
		};
/* End XCBuildConfiguration section */

/* Begin XCConfigurationList section */
		AA88EDA42DBDCCF3004EF6A4 /* Build configuration list for PBXProject "SleepSolver" */ = {
			isa = XCConfigurationList;
			buildConfigurations = (
				AA88EDCD2DBDCCF4004EF6A4 /* Debug */,
				AA88EDCE2DBDCCF4004EF6A4 /* Release */,
			);
			defaultConfigurationIsVisible = 0;
			defaultConfigurationName = Release;
		};
		AA88EDCF2DBDCCF4004EF6A4 /* Build configuration list for PBXNativeTarget "SleepSolver" */ = {
			isa = XCConfigurationList;
			buildConfigurations = (
				AA88EDD02DBDCCF4004EF6A4 /* Debug */,
				AA88EDD12DBDCCF4004EF6A4 /* Release */,
			);
			defaultConfigurationIsVisible = 0;
			defaultConfigurationName = Release;
		};
		AA88EDD22DBDCCF4004EF6A4 /* Build configuration list for PBXNativeTarget "SleepSolverTests" */ = {
			isa = XCConfigurationList;
			buildConfigurations = (
				AA88EDD32DBDCCF4004EF6A4 /* Debug */,
				AA88EDD42DBDCCF4004EF6A4 /* Release */,
			);
			defaultConfigurationIsVisible = 0;
			defaultConfigurationName = Release;
		};
		AA88EDD52DBDCCF4004EF6A4 /* Build configuration list for PBXNativeTarget "SleepSolverUITests" */ = {
			isa = XCConfigurationList;
			buildConfigurations = (
				AA88EDD62DBDCCF4004EF6A4 /* Debug */,
				AA88EDD72DBDCCF4004EF6A4 /* Release */,
			);
			defaultConfigurationIsVisible = 0;
			defaultConfigurationName = Release;
		};
/* End XCConfigurationList section */
	};
	rootObject = AA88EDA12DBDCCF3004EF6A4 /* Project object */;
}
